
Microsoft Visual Studio Solution File, Format Version 12.00
# Visual Studio Version 17
VisualStudioVersion = 17.3.32811.315
MinimumVisualStudioVersion = 10.0.40219.1
Project("{FAE04EC0-301F-11D3-BF4B-00C04F79EFBC}") = "proje", "proje.csproj", "{647A3ABC-2EB8-41C1-813E-5D71EC4B095E}"
EndProject
Global
	GlobalSection(SolutionConfigurationPlatforms) = preSolution
		Debug|Any CPU = Debug|Any CPU
		Release|Any CPU = Release|Any CPU
	EndGlobalSection
	GlobalSection(ProjectConfigurationPlatforms) = postSolution
		{647A3ABC-2EB8-41C1-813E-5D71EC4B095E}.Debug|Any CPU.ActiveCfg = Debug|Any CPU
		{647A3ABC-2EB8-41C1-813E-5D71EC4B095E}.Debug|Any CPU.Build.0 = Debug|Any CPU
		{647A3ABC-2EB8-41C1-813E-5D71EC4B095E}.Release|Any CPU.ActiveCfg = Release|Any CPU
		{647A3ABC-2EB8-41C1-813E-5D71EC4B095E}.Release|Any CPU.Build.0 = Release|Any CPU
	EndGlobalSection
	GlobalSection(SolutionProperties) = preSolution
		HideSolutionNode = FALSE
	EndGlobalSection
	GlobalSection(ExtensibilityGlobals) = postSolution
		SolutionGuid = {4CC0CF19-1ED1-4E19-B515-5D222EB1E1E9}
	EndGlobalSection
EndGlobal
